
Microsoft Visual Studio Solution File, Format Version 12.00
# Visual Studio Version 16
VisualStudioVersion = 16.0.33927.289
MinimumVisualStudioVersion = 10.0.40219.1
Project("{FAE04EC0-301F-11D3-BF4B-00C04F79EFBC}") = "Ejercicio_5", "Ejercicio_5\Ejercicio_5.csproj", "{64ADF5EF-9644-49A5-A012-25671347E280}"
EndProject
Global
	GlobalSection(SolutionConfigurationPlatforms) = preSolution
		Debug|Any CPU = Debug|Any CPU
		Release|Any CPU = Release|Any CPU
	EndGlobalSection
	GlobalSection(ProjectConfigurationPlatforms) = postSolution
		{64ADF5EF-9644-49A5-A012-25671347E280}.Debug|Any CPU.ActiveCfg = Debug|Any CPU
		{64ADF5EF-9644-49A5-A012-25671347E280}.Debug|Any CPU.Build.0 = Debug|Any CPU
		{64ADF5EF-9644-49A5-A012-25671347E280}.Release|Any CPU.ActiveCfg = Release|Any CPU
		{64ADF5EF-9644-49A5-A012-25671347E280}.Release|Any CPU.Build.0 = Release|Any CPU
	EndGlobalSection
	GlobalSection(SolutionProperties) = preSolution
		HideSolutionNode = FALSE
	EndGlobalSection
	GlobalSection(ExtensibilityGlobals) = postSolution
		SolutionGuid = {35F11C81-3EB2-4A2C-BA1B-219A2E1FE479}
	EndGlobalSection
EndGlobal
