
Microsoft Visual Studio Solution File, Format Version 12.00
# Visual Studio Version 16
VisualStudioVersion = 16.0.33927.289
MinimumVisualStudioVersion = 10.0.40219.1
Project("{FAE04EC0-301F-11D3-BF4B-00C04F79EFBC}") = "Ejercicio_1", "Ejercicio_1\Ejercicio_1.csproj", "{FEAFE593-0365-4B25-9BCC-E28F8D9211C4}"
EndProject
Global
	GlobalSection(SolutionConfigurationPlatforms) = preSolution
		Debug|Any CPU = Debug|Any CPU
		Release|Any CPU = Release|Any CPU
	EndGlobalSection
	GlobalSection(ProjectConfigurationPlatforms) = postSolution
		{FEAFE593-0365-4B25-9BCC-E28F8D9211C4}.Debug|Any CPU.ActiveCfg = Debug|Any CPU
		{FEAFE593-0365-4B25-9BCC-E28F8D9211C4}.Debug|Any CPU.Build.0 = Debug|Any CPU
		{FEAFE593-0365-4B25-9BCC-E28F8D9211C4}.Release|Any CPU.ActiveCfg = Release|Any CPU
		{FEAFE593-0365-4B25-9BCC-E28F8D9211C4}.Release|Any CPU.Build.0 = Release|Any CPU
	EndGlobalSection
	GlobalSection(SolutionProperties) = preSolution
		HideSolutionNode = FALSE
	EndGlobalSection
	GlobalSection(ExtensibilityGlobals) = postSolution
		SolutionGuid = {9EEC63AE-4B54-4CDC-BE1D-4F9C8FF1D828}
	EndGlobalSection
EndGlobal
