
Microsoft Visual Studio Solution File, Format Version 12.00
# Visual Studio Version 17
VisualStudioVersion = 17.7.34221.43
MinimumVisualStudioVersion = 10.0.40219.1
Project("{FAE04EC0-301F-11D3-BF4B-00C04F79EFBC}") = "MotorGestor", "MotorGestor\MotorGestor.csproj", "{307ED74B-C534-4EA8-BAE0-41DE7EDE18E4}"
EndProject
Global
	GlobalSection(SolutionConfigurationPlatforms) = preSolution
		Debug|Any CPU = Debug|Any CPU
		Release|Any CPU = Release|Any CPU
	EndGlobalSection
	GlobalSection(ProjectConfigurationPlatforms) = postSolution
		{307ED74B-C534-4EA8-BAE0-41DE7EDE18E4}.Debug|Any CPU.ActiveCfg = Debug|Any CPU
		{307ED74B-C534-4EA8-BAE0-41DE7EDE18E4}.Debug|Any CPU.Build.0 = Debug|Any CPU
		{307ED74B-C534-4EA8-BAE0-41DE7EDE18E4}.Release|Any CPU.ActiveCfg = Release|Any CPU
		{307ED74B-C534-4EA8-BAE0-41DE7EDE18E4}.Release|Any CPU.Build.0 = Release|Any CPU
	EndGlobalSection
	GlobalSection(SolutionProperties) = preSolution
		HideSolutionNode = FALSE
	EndGlobalSection
	GlobalSection(ExtensibilityGlobals) = postSolution
		SolutionGuid = {5365C527-950D-4278-9B46-8171A106962D}
	EndGlobalSection
EndGlobal
